[[package]]
name = "asgiref"
version = "3.5.2"
description = "ASGI specs, helper code, and adapters"
category = "main"
optional = false
python-versions = ">=3.7"

[package.extras]
tests = ["pytest", "pytest-asyncio", "mypy (>=0.800)"]

[[package]]
name = "django"
version = "4.0.4"
description = "A high-level Python web framework that encourages rapid development and clean, pragmatic design."
category = "main"
optional = false
python-versions = ">=3.8"

[package.dependencies]
asgiref = ">=3.4.1,<4"
sqlparse = ">=0.2.2"
tzdata = {version = "*", markers = "sys_platform == \"win32\""}

[package.extras]
argon2 = ["argon2-cffi (>=19.1.0)"]
bcrypt = ["bcrypt"]

[[package]]
name = "sqlparse"
version = "0.4.2"
description = "A non-validating SQL parser."
category = "main"
optional = false
python-versions = ">=3.5"

[[package]]
name = "tzdata"
version = "2022.1"
description = "Provider of IANA time zone data"
category = "main"
optional = false
python-versions = ">=2"

[metadata]
lock-version = "1.1"
python-versions = "^3.10"
content-hash = "4cd6803cbe290969c16a2e96a8cf549fca0d3a2d6ced60ae4dccb14229bbb961"

[metadata.files]
asgiref = [
    {file = "asgiref-3.5.2-py3-none-any.whl", hash = "sha256:1d2880b792ae8757289136f1db2b7b99100ce959b2aa57fd69dab783d05afac4"},
    {file = "asgiref-3.5.2.tar.gz", hash = "sha256:4a29362a6acebe09bf1d6640db38c1dc3d9217c68e6f9f6204d72667fc19a424"},
]
django = [
    {file = "Django-4.0.4-py3-none-any.whl", hash = "sha256:07c8638e7a7f548dc0acaaa7825d84b7bd42b10e8d22268b3d572946f1e9b687"},
    {file = "Django-4.0.4.tar.gz", hash = "sha256:4e8177858524417563cc0430f29ea249946d831eacb0068a1455686587df40b5"},
]
sqlparse = [
    {file = "sqlparse-0.4.2-py3-none-any.whl", hash = "sha256:48719e356bb8b42991bdbb1e8b83223757b93789c00910a616a071910ca4a64d"},
    {file = "sqlparse-0.4.2.tar.gz", hash = "sha256:0c00730c74263a94e5a9919ade150dfc3b19c574389985446148402998287dae"},
]
tzdata = [
    {file = "tzdata-2022.1-py2.py3-none-any.whl", hash = "sha256:238e70234214138ed7b4e8a0fab0e5e13872edab3be586ab8198c407620e2ab9"},
    {file = "tzdata-2022.1.tar.gz", hash = "sha256:8b536a8ec63dc0751342b3984193a3118f8fca2afe25752bb9b7fffd398552d3"},
]
