[[package]]
name = "asgiref"
version = "3.5.2"
description = "ASGI specs, helper code, and adapters"
category = "main"
optional = false
python-versions = ">=3.7"

[package.extras]
tests = ["pytest", "pytest-asyncio", "mypy (>=0.800)"]

[[package]]
name = "django"
version = "4.0.4"
description = "A high-level Python web framework that encourages rapid development and clean, pragmatic design."
category = "main"
optional = false
python-versions = ">=3.8"

[package.dependencies]
asgiref = ">=3.4.1,<4"
sqlparse = ">=0.2.2"
tzdata = {version = "*", markers = "sys_platform == \"win32\""}

[package.extras]
argon2 = ["argon2-cffi (>=19.1.0)"]
bcrypt = ["bcrypt"]

[[package]]
name = "django-appconf"
version = "1.0.5"
description = "A helper class for handling configuration defaults of packaged apps gracefully."
category = "main"
optional = false
python-versions = ">=3.6"

[package.dependencies]
django = "*"

[[package]]
name = "django-compressor"
version = "4.0"
description = "Compresses linked and inline JavaScript or CSS into single cached files."
category = "main"
optional = false
python-versions = "*"

[package.dependencies]
django-appconf = ">=1.0.3"
rcssmin = "1.1.0"
rjsmin = "1.2.0"

[[package]]
name = "rcssmin"
version = "1.1.0"
description = "CSS Minifier"
category = "main"
optional = false
python-versions = "*"

[[package]]
name = "rjsmin"
version = "1.2.0"
description = "Javascript Minifier"
category = "main"
optional = false
python-versions = "*"

[[package]]
name = "sqlparse"
version = "0.4.2"
description = "A non-validating SQL parser."
category = "main"
optional = false
python-versions = ">=3.5"

[[package]]
name = "tzdata"
version = "2022.1"
description = "Provider of IANA time zone data"
category = "main"
optional = false
python-versions = ">=2"

[metadata]
lock-version = "1.1"
python-versions = "^3.10"
content-hash = "44070ad19931b49361a2c597dba574d155a32aeca5b85443a469b36804564107"

[metadata.files]
asgiref = [
    {file = "asgiref-3.5.2-py3-none-any.whl", hash = "sha256:1d2880b792ae8757289136f1db2b7b99100ce959b2aa57fd69dab783d05afac4"},
    {file = "asgiref-3.5.2.tar.gz", hash = "sha256:4a29362a6acebe09bf1d6640db38c1dc3d9217c68e6f9f6204d72667fc19a424"},
]
django = [
    {file = "Django-4.0.4-py3-none-any.whl", hash = "sha256:07c8638e7a7f548dc0acaaa7825d84b7bd42b10e8d22268b3d572946f1e9b687"},
    {file = "Django-4.0.4.tar.gz", hash = "sha256:4e8177858524417563cc0430f29ea249946d831eacb0068a1455686587df40b5"},
]
django-appconf = [
    {file = "django-appconf-1.0.5.tar.gz", hash = "sha256:be3db0be6c81fa84742000b89a81c016d70ae66a7ccb620cdef592b1f1a6aaa4"},
    {file = "django_appconf-1.0.5-py3-none-any.whl", hash = "sha256:ae9f864ee1958c815a965ed63b3fba4874eec13de10236ba063a788f9a17389d"},
]
django-compressor = [
    {file = "django_compressor-4.0-py2.py3-none-any.whl", hash = "sha256:b4fe15cc23bf39420b37cb0030572bd0971104ca1ec3764f502c0f179e576dff"},
    {file = "django_compressor-4.0.tar.gz", hash = "sha256:1db91b6d04293636a68bd1328dc7bb90d636b0295f67b1cc6d4fa102b9fd25f6"},
]
rcssmin = [
    {file = "rcssmin-1.1.0-cp27-cp27m-manylinux1_i686.whl", hash = "sha256:2211a5c91ea14a5937b57904c9121f8bfef20987825e55368143da7d25446e3b"},
    {file = "rcssmin-1.1.0-cp27-cp27m-manylinux1_x86_64.whl", hash = "sha256:7085d1b51dd2556f3aae03947380f6e9e1da29fb1eeadfa6766b7f105c54c9ff"},
    {file = "rcssmin-1.1.0-cp27-cp27mu-manylinux1_i686.whl", hash = "sha256:1512223b6a687bb747e4e531187bd49a56ed71287e7ead9529cbaa1ca4718a0a"},
    {file = "rcssmin-1.1.0-cp27-cp27mu-manylinux1_x86_64.whl", hash = "sha256:6158d0d86cd611c5304d738dc3d6cfeb23864dd78ad0d83a633f443696ac5d77"},
    {file = "rcssmin-1.1.0-cp310-cp310-manylinux1_i686.whl", hash = "sha256:0a6aae7e119509445bf7aa6da6ca0f285cc198273c20f470ad999ff83bbadcf9"},
    {file = "rcssmin-1.1.0-cp310-cp310-manylinux1_x86_64.whl", hash = "sha256:506e33ab4c47051f7deae35b6d8dbb4a5c025f016e90a830929a1ecc7daa1682"},
    {file = "rcssmin-1.1.0-cp310-cp310-manylinux2014_aarch64.whl", hash = "sha256:352dd3a78eb914bb1cb269ac2b66b3154f2490a52ab605558c681de3fb5194d2"},
    {file = "rcssmin-1.1.0-cp36-cp36m-manylinux1_i686.whl", hash = "sha256:30f5522285065cae0164d20068377d84b5d10b414156115f8729b034d0ea5e8b"},
    {file = "rcssmin-1.1.0-cp36-cp36m-manylinux1_x86_64.whl", hash = "sha256:49807735f26f59404194f1e6f93254b6d5b6f7748c2a954f4470a86a40ff4c13"},
    {file = "rcssmin-1.1.0-cp36-cp36m-manylinux2014_aarch64.whl", hash = "sha256:f1a37bbd36b050813673e62ae6464467548628690bf4d48a938170e121e8616e"},
    {file = "rcssmin-1.1.0-cp37-cp37m-manylinux1_i686.whl", hash = "sha256:ddff3a41611664c7f1d9e3d8a9c1669e0e155ac0458e586ffa834dc5953e7d9f"},
    {file = "rcssmin-1.1.0-cp37-cp37m-manylinux1_x86_64.whl", hash = "sha256:8b659a88850e772c84cfac4520ec223de6807875e173d8ef3248ab7f90876066"},
    {file = "rcssmin-1.1.0-cp37-cp37m-manylinux2014_aarch64.whl", hash = "sha256:1d7c2719d014e4e4df4e33b75ae8067c7e246cf470eaec8585e06e2efac7586c"},
    {file = "rcssmin-1.1.0-cp38-cp38-manylinux1_i686.whl", hash = "sha256:37f1242e34ca273ed2c26cf778854e18dd11b31c6bfca60e23fce146c84667c1"},
    {file = "rcssmin-1.1.0-cp38-cp38-manylinux1_x86_64.whl", hash = "sha256:f31c82d06ba2dbf33c20db9550157e80bb0c4cbd24575c098f0831d1d2e3c5df"},
    {file = "rcssmin-1.1.0-cp38-cp38-manylinux2014_aarch64.whl", hash = "sha256:7da63fee37edf204bbd86785edb4d7491642adbfd1d36fd230b7ccbbd8db1a6f"},
    {file = "rcssmin-1.1.0-cp39-cp39-manylinux1_i686.whl", hash = "sha256:c28b9eb20982b45ebe6adef8bd2547e5ed314dafddfff4eba806b0f8c166cfd1"},
    {file = "rcssmin-1.1.0-cp39-cp39-manylinux1_x86_64.whl", hash = "sha256:32ccaebbbd4d56eab08cf26aed36f5d33389b9d1d3ca1fecf53eb6ab77760ddf"},
    {file = "rcssmin-1.1.0-cp39-cp39-manylinux2014_aarch64.whl", hash = "sha256:7c44002b79f3656348196005b9522ec5e04f182b466f66d72b16be0bd03c13d8"},
    {file = "rcssmin-1.1.0.tar.gz", hash = "sha256:27fc400627fd3d328b7fe95af2a01f5d0af6b5af39731af5d071826a1f08e362"},
]
rjsmin = [
    {file = "rjsmin-1.2.0-cp27-cp27m-manylinux1_i686.whl", hash = "sha256:e18fe1a610fb105273bb369f61c2b0bd9e66a3f0792e27e4cac44e42ace1968b"},
    {file = "rjsmin-1.2.0-cp27-cp27m-manylinux1_x86_64.whl", hash = "sha256:6c395ffc130332cca744f081ed5efd5699038dcb7a5d30c3ff4bc6adb5b30a62"},
    {file = "rjsmin-1.2.0-cp27-cp27mu-manylinux1_i686.whl", hash = "sha256:3b14f4c2933ec194eb816b71a0854ce461b6419a3d852bf360344731ab28c0a6"},
    {file = "rjsmin-1.2.0-cp27-cp27mu-manylinux1_x86_64.whl", hash = "sha256:54fc30519365841b27556ccc1cb94c5b4413c384ff6d467442fddba66e2e325a"},
    {file = "rjsmin-1.2.0-cp310-cp310-manylinux1_i686.whl", hash = "sha256:40e7211a25d9a11ac9ff50446e41268c978555676828af86fa1866615823bfff"},
    {file = "rjsmin-1.2.0-cp310-cp310-manylinux2014_aarch64.whl", hash = "sha256:99e5597a812b60058baa1457387dc79cca7d273b2a700dc98bfd20d43d60711d"},
    {file = "rjsmin-1.2.0-cp310-cp310-manylinux2014_x86_64.whl", hash = "sha256:993935654c1311280e69665367d7e6ff694ac9e1609168cf51cae8c0307df0db"},
    {file = "rjsmin-1.2.0-cp36-cp36m-manylinux1_i686.whl", hash = "sha256:c81229ffe5b0a0d5b3b5d5e6d0431f182572de9e9a077e85dbae5757db0ab75c"},
    {file = "rjsmin-1.2.0-cp36-cp36m-manylinux2014_aarch64.whl", hash = "sha256:1c93b29fd725e61718299ffe57de93ff32d71b313eaabbfcc7bd32ddb82831d5"},
    {file = "rjsmin-1.2.0-cp36-cp36m-manylinux2014_x86_64.whl", hash = "sha256:38a4474ed52e1575fb9da983ec8657faecd8ab3738508d36e04f87769411fd3d"},
    {file = "rjsmin-1.2.0-cp37-cp37m-manylinux1_i686.whl", hash = "sha256:1622fbb6c6a8daaf77da13cc83356539bfe79c1440f9664b02c7f7b150b9a18e"},
    {file = "rjsmin-1.2.0-cp37-cp37m-manylinux2014_aarch64.whl", hash = "sha256:4387a00777faddf853eebdece9f2e56ebaf243c3f24676a9de6a20c5d4f3d731"},
    {file = "rjsmin-1.2.0-cp37-cp37m-manylinux2014_x86_64.whl", hash = "sha256:86c4da7285ddafe6888cb262da563570f28e4a31146b5164a7a6947b1222196b"},
    {file = "rjsmin-1.2.0-cp38-cp38-manylinux1_i686.whl", hash = "sha256:d63e193a2f932a786ae82068aa76d1d126fcdff8582094caff9e5e66c4dcc124"},
    {file = "rjsmin-1.2.0-cp38-cp38-manylinux2014_aarch64.whl", hash = "sha256:05efa485dfddb6418e3b86d8862463aa15641a61f6ae05e7e6de8f116ee77c69"},
    {file = "rjsmin-1.2.0-cp38-cp38-manylinux2014_x86_64.whl", hash = "sha256:b6a7c8c8d19e154334f640954e43e57283e87bb4a2f6e23295db14eea8e9fc1d"},
    {file = "rjsmin-1.2.0-cp39-cp39-manylinux1_i686.whl", hash = "sha256:2ed83aca637186bafdc894b4b7fc3657e2d74014ccca7d3d69122c1e82675216"},
    {file = "rjsmin-1.2.0-cp39-cp39-manylinux2014_aarch64.whl", hash = "sha256:41c7c3910f7b8816e37366b293e576ddecf696c5f2197d53cf2c1526ac336646"},
    {file = "rjsmin-1.2.0-cp39-cp39-manylinux2014_x86_64.whl", hash = "sha256:8944a8a55ac825b8e5ec29f341ecb7574697691ef416506885898d2f780fb4ca"},
    {file = "rjsmin-1.2.0.tar.gz", hash = "sha256:6c529feb6c400984452494c52dd9fdf59185afeacca2afc5174a28ab37751a1b"},
]
sqlparse = [
    {file = "sqlparse-0.4.2-py3-none-any.whl", hash = "sha256:48719e356bb8b42991bdbb1e8b83223757b93789c00910a616a071910ca4a64d"},
    {file = "sqlparse-0.4.2.tar.gz", hash = "sha256:0c00730c74263a94e5a9919ade150dfc3b19c574389985446148402998287dae"},
]
tzdata = [
    {file = "tzdata-2022.1-py2.py3-none-any.whl", hash = "sha256:238e70234214138ed7b4e8a0fab0e5e13872edab3be586ab8198c407620e2ab9"},
    {file = "tzdata-2022.1.tar.gz", hash = "sha256:8b536a8ec63dc0751342b3984193a3118f8fca2afe25752bb9b7fffd398552d3"},
]
